
Microsoft Visual Studio Solution File, Format Version 12.00
# Visual Studio Version 17
VisualStudioVersion = 17.10.34928.147
MinimumVisualStudioVersion = 10.0.40219.1
Project("{FAE04EC0-301F-11D3-BF4B-00C04F79EFBC}") = "Ransomware", "Ransomware\Ransomware.csproj", "{928126EE-B270-4199-A6E7-3AC79A07A6C9}"
EndProject
Global
	GlobalSection(SolutionConfigurationPlatforms) = preSolution
		Debug|Any CPU = Debug|Any CPU
		Release|Any CPU = Release|Any CPU
	EndGlobalSection
	GlobalSection(ProjectConfigurationPlatforms) = postSolution
		{928126EE-B270-4199-A6E7-3AC79A07A6C9}.Debug|Any CPU.ActiveCfg = Debug|Any CPU
		{928126EE-B270-4199-A6E7-3AC79A07A6C9}.Debug|Any CPU.Build.0 = Debug|Any CPU
		{928126EE-B270-4199-A6E7-3AC79A07A6C9}.Release|Any CPU.ActiveCfg = Release|Any CPU
		{928126EE-B270-4199-A6E7-3AC79A07A6C9}.Release|Any CPU.Build.0 = Release|Any CPU
	EndGlobalSection
	GlobalSection(SolutionProperties) = preSolution
		HideSolutionNode = FALSE
	EndGlobalSection
	GlobalSection(ExtensibilityGlobals) = postSolution
		SolutionGuid = {48D22F5D-7C6E-4C37-B52B-4A0CC89874DE}
	EndGlobalSection
EndGlobal
